// !$*UTF8*$!
{
	archiveVersion = 1;
	classes = {
	};
	objectVersion = 56;
	objects = {

/* Begin PBXBuildFile section */
		3E3C666F2ADEA6F6005D4DE1 /* MapView.swift in Sources */ = {isa = PBXBuildFile; fileRef = 3E3C666E2ADEA6F6005D4DE1 /* MapView.swift */; };
		3E3C66712ADEB568005D4DE1 /* Debug.swift in Sources */ = {isa = PBXBuildFile; fileRef = 3E3C66702ADEB568005D4DE1 /* Debug.swift */; };
		3E3C66732ADEBDB9005D4DE1 /* MarketplaceView.swift in Sources */ = {isa = PBXBuildFile; fileRef = 3E3C66722ADEBDB9005D4DE1 /* MarketplaceView.swift */; };
		3E95E4B52ADD6A6C00CEE333 /* perksApp.swift in Sources */ = {isa = PBXBuildFile; fileRef = 3E95E4B42ADD6A6C00CEE333 /* perksApp.swift */; };
		3E95E4B72ADD6A6C00CEE333 /* ContentView.swift in Sources */ = {isa = PBXBuildFile; fileRef = 3E95E4B62ADD6A6C00CEE333 /* ContentView.swift */; };
		3E95E4B92ADD6A6E00CEE333 /* Assets.xcassets in Resources */ = {isa = PBXBuildFile; fileRef = 3E95E4B82ADD6A6E00CEE333 /* Assets.xcassets */; };
		3E95E4BC2ADD6A6E00CEE333 /* Preview Assets.xcassets in Resources */ = {isa = PBXBuildFile; fileRef = 3E95E4BB2ADD6A6E00CEE333 /* Preview Assets.xcassets */; };
		3EEBCDD12AE2E7CC00C462FD /* CustomAuthSdk in Frameworks */ = {isa = PBXBuildFile; productRef = 3EEBCDD02AE2E7CC00C462FD /* CustomAuthSdk */; };
		3EF770D42AE0196800D5AAC3 /* Push in Frameworks */ = {isa = PBXBuildFile; productRef = 3EF770D32AE0196800D5AAC3 /* Push */; };
		5C5DECD12AE53DF6004FB87D /* StoreView.swift in Sources */ = {isa = PBXBuildFile; fileRef = 5C5DECD02AE53DF6004FB87D /* StoreView.swift */; };
		5CEFF4322AE5063400F0FCE7 /* LandingScreen.swift in Sources */ = {isa = PBXBuildFile; fileRef = 5CEFF4312AE5063400F0FCE7 /* LandingScreen.swift */; };
		5CEFF4342AE506F800F0FCE7 /* backgroundVid.mp4 in Resources */ = {isa = PBXBuildFile; fileRef = 5CEFF4332AE506E900F0FCE7 /* backgroundVid.mp4 */; };
		5CEFF4362AE50B5200F0FCE7 /* HomeView.swift in Sources */ = {isa = PBXBuildFile; fileRef = 5CEFF4352AE50B5200F0FCE7 /* HomeView.swift */; };
/* End PBXBuildFile section */

/* Begin PBXFileReference section */
		3E3C666E2ADEA6F6005D4DE1 /* MapView.swift */ = {isa = PBXFileReference; lastKnownFileType = sourcecode.swift; path = MapView.swift; sourceTree = "<group>"; };
		3E3C66702ADEB568005D4DE1 /* Debug.swift */ = {isa = PBXFileReference; lastKnownFileType = sourcecode.swift; path = Debug.swift; sourceTree = "<group>"; };
		3E3C66722ADEBDB9005D4DE1 /* MarketplaceView.swift */ = {isa = PBXFileReference; lastKnownFileType = sourcecode.swift; path = MarketplaceView.swift; sourceTree = "<group>"; };
		3E95E4B12ADD6A6C00CEE333 /* perks.app */ = {isa = PBXFileReference; explicitFileType = wrapper.application; includeInIndex = 0; path = perks.app; sourceTree = BUILT_PRODUCTS_DIR; };
		3E95E4B42ADD6A6C00CEE333 /* perksApp.swift */ = {isa = PBXFileReference; lastKnownFileType = sourcecode.swift; path = perksApp.swift; sourceTree = "<group>"; };
		3E95E4B62ADD6A6C00CEE333 /* ContentView.swift */ = {isa = PBXFileReference; lastKnownFileType = sourcecode.swift; path = ContentView.swift; sourceTree = "<group>"; };
		3E95E4B82ADD6A6E00CEE333 /* Assets.xcassets */ = {isa = PBXFileReference; lastKnownFileType = folder.assetcatalog; path = Assets.xcassets; sourceTree = "<group>"; };
		3E95E4BB2ADD6A6E00CEE333 /* Preview Assets.xcassets */ = {isa = PBXFileReference; lastKnownFileType = folder.assetcatalog; path = "Preview Assets.xcassets"; sourceTree = "<group>"; };
		5C5DECD02AE53DF6004FB87D /* StoreView.swift */ = {isa = PBXFileReference; lastKnownFileType = sourcecode.swift; path = StoreView.swift; sourceTree = "<group>"; };
		5CEFF4312AE5063400F0FCE7 /* LandingScreen.swift */ = {isa = PBXFileReference; fileEncoding = 4; lastKnownFileType = sourcecode.swift; path = LandingScreen.swift; sourceTree = "<group>"; };
		5CEFF4332AE506E900F0FCE7 /* backgroundVid.mp4 */ = {isa = PBXFileReference; lastKnownFileType = file; path = backgroundVid.mp4; sourceTree = "<group>"; };
		5CEFF4352AE50B5200F0FCE7 /* HomeView.swift */ = {isa = PBXFileReference; lastKnownFileType = sourcecode.swift; path = HomeView.swift; sourceTree = "<group>"; };
/* End PBXFileReference section */

/* Begin PBXFrameworksBuildPhase section */
		3E95E4AE2ADD6A6C00CEE333 /* Frameworks */ = {
			isa = PBXFrameworksBuildPhase;
			buildActionMask = 2147483647;
			files = (
				3EEBCDD12AE2E7CC00C462FD /* CustomAuthSdk in Frameworks */,
				3EF770D42AE0196800D5AAC3 /* Push in Frameworks */,
			);
			runOnlyForDeploymentPostprocessing = 0;
		};
/* End PBXFrameworksBuildPhase section */

/* Begin PBXGroup section */
		3E3C66792ADFFB72005D4DE1 /* Frameworks */ = {
			isa = PBXGroup;
			children = (
			);
			name = Frameworks;
			sourceTree = "<group>";
		};
		3E95E4A82ADD6A6C00CEE333 = {
			isa = PBXGroup;
			children = (
				3E95E4B32ADD6A6C00CEE333 /* perks */,
				3E95E4B22ADD6A6C00CEE333 /* Products */,
				3E3C66792ADFFB72005D4DE1 /* Frameworks */,
			);
			sourceTree = "<group>";
		};
		3E95E4B22ADD6A6C00CEE333 /* Products */ = {
			isa = PBXGroup;
			children = (
				3E95E4B12ADD6A6C00CEE333 /* perks.app */,
			);
			name = Products;
			sourceTree = "<group>";
		};
		3E95E4B32ADD6A6C00CEE333 /* perks */ = {
			isa = PBXGroup;
			children = (
				5CEFF4332AE506E900F0FCE7 /* backgroundVid.mp4 */,
				5CEFF4352AE50B5200F0FCE7 /* HomeView.swift */,
				5C5DECD02AE53DF6004FB87D /* StoreView.swift */,
				5CEFF4312AE5063400F0FCE7 /* LandingScreen.swift */,
				3E95E4B42ADD6A6C00CEE333 /* perksApp.swift */,
				3E95E4B62ADD6A6C00CEE333 /* ContentView.swift */,
				3E3C666E2ADEA6F6005D4DE1 /* MapView.swift */,
				3E3C66722ADEBDB9005D4DE1 /* MarketplaceView.swift */,
				3E3C66702ADEB568005D4DE1 /* Debug.swift */,
				3E95E4B82ADD6A6E00CEE333 /* Assets.xcassets */,
				3E95E4BA2ADD6A6E00CEE333 /* Preview Content */,
			);
			path = perks;
			sourceTree = "<group>";
		};
		3E95E4BA2ADD6A6E00CEE333 /* Preview Content */ = {
			isa = PBXGroup;
			children = (
				3E95E4BB2ADD6A6E00CEE333 /* Preview Assets.xcassets */,
			);
			path = "Preview Content";
			sourceTree = "<group>";
		};
/* End PBXGroup section */

/* Begin PBXNativeTarget section */
		3E95E4B02ADD6A6C00CEE333 /* perks */ = {
			isa = PBXNativeTarget;
			buildConfigurationList = 3E95E4BF2ADD6A6E00CEE333 /* Build configuration list for PBXNativeTarget "perks" */;
			buildPhases = (
				3E95E4AD2ADD6A6C00CEE333 /* Sources */,
				3E95E4AE2ADD6A6C00CEE333 /* Frameworks */,
				3E95E4AF2ADD6A6C00CEE333 /* Resources */,
			);
			buildRules = (
			);
			dependencies = (
			);
			name = perks;
			packageProductDependencies = (
				3EF770D32AE0196800D5AAC3 /* Push */,
				3EEBCDD02AE2E7CC00C462FD /* CustomAuthSdk */,
			);
			productName = perks;
			productReference = 3E95E4B12ADD6A6C00CEE333 /* perks.app */;
			productType = "com.apple.product-type.application";
		};
/* End PBXNativeTarget section */

/* Begin PBXProject section */
		3E95E4A92ADD6A6C00CEE333 /* Project object */ = {
			isa = PBXProject;
			attributes = {
				BuildIndependentTargetsInParallel = 1;
				LastSwiftUpdateCheck = 1500;
				LastUpgradeCheck = 1500;
				TargetAttributes = {
					3E95E4B02ADD6A6C00CEE333 = {
						CreatedOnToolsVersion = 15.0;
					};
				};
			};
			buildConfigurationList = 3E95E4AC2ADD6A6C00CEE333 /* Build configuration list for PBXProject "perks" */;
			compatibilityVersion = "Xcode 14.0";
			developmentRegion = en;
			hasScannedForEncodings = 0;
			knownRegions = (
				en,
				Base,
			);
			mainGroup = 3E95E4A82ADD6A6C00CEE333;
			packageReferences = (
				3EF770D22AE0196800D5AAC3 /* XCRemoteSwiftPackageReference "push-swift-sdk" */,
				3EEBCDCF2AE2E7CC00C462FD /* XCRemoteSwiftPackageReference "Custom-Auth-iOS-SDK" */,
			);
			productRefGroup = 3E95E4B22ADD6A6C00CEE333 /* Products */;
			projectDirPath = "";
			projectRoot = "";
			targets = (
				3E95E4B02ADD6A6C00CEE333 /* perks */,
			);
		};
/* End PBXProject section */

/* Begin PBXResourcesBuildPhase section */
		3E95E4AF2ADD6A6C00CEE333 /* Resources */ = {
			isa = PBXResourcesBuildPhase;
			buildActionMask = 2147483647;
			files = (
				5CEFF4342AE506F800F0FCE7 /* backgroundVid.mp4 in Resources */,
				3E95E4BC2ADD6A6E00CEE333 /* Preview Assets.xcassets in Resources */,
				3E95E4B92ADD6A6E00CEE333 /* Assets.xcassets in Resources */,
			);
			runOnlyForDeploymentPostprocessing = 0;
		};
/* End PBXResourcesBuildPhase section */

/* Begin PBXSourcesBuildPhase section */
		3E95E4AD2ADD6A6C00CEE333 /* Sources */ = {
			isa = PBXSourcesBuildPhase;
			buildActionMask = 2147483647;
			files = (
				3E95E4B72ADD6A6C00CEE333 /* ContentView.swift in Sources */,
				5CEFF4362AE50B5200F0FCE7 /* HomeView.swift in Sources */,
				5C5DECD12AE53DF6004FB87D /* StoreView.swift in Sources */,
				5CEFF4322AE5063400F0FCE7 /* LandingScreen.swift in Sources */,
				3E3C66712ADEB568005D4DE1 /* Debug.swift in Sources */,
				3E3C66732ADEBDB9005D4DE1 /* MarketplaceView.swift in Sources */,
				3E3C666F2ADEA6F6005D4DE1 /* MapView.swift in Sources */,
				3E95E4B52ADD6A6C00CEE333 /* perksApp.swift in Sources */,
			);
			runOnlyForDeploymentPostprocessing = 0;
		};
/* End PBXSourcesBuildPhase section */

/* Begin XCBuildConfiguration section */
		3E95E4BD2ADD6A6E00CEE333 /* Debug */ = {
			isa = XCBuildConfiguration;
			buildSettings = {
				ALWAYS_SEARCH_USER_PATHS = NO;
				ASSETCATALOG_COMPILER_GENERATE_SWIFT_ASSET_SYMBOL_EXTENSIONS = YES;
				CLANG_ANALYZER_NONNULL = YES;
				CLANG_ANALYZER_NUMBER_OBJECT_CONVERSION = YES_AGGRESSIVE;
				CLANG_CXX_LANGUAGE_STANDARD = "gnu++20";
				CLANG_ENABLE_MODULES = YES;
				CLANG_ENABLE_OBJC_ARC = YES;
				CLANG_ENABLE_OBJC_WEAK = YES;
				CLANG_WARN_BLOCK_CAPTURE_AUTORELEASING = YES;
				CLANG_WARN_BOOL_CONVERSION = YES;
				CLANG_WARN_COMMA = YES;
				CLANG_WARN_CONSTANT_CONVERSION = YES;
				CLANG_WARN_DEPRECATED_OBJC_IMPLEMENTATIONS = YES;
				CLANG_WARN_DIRECT_OBJC_ISA_USAGE = YES_ERROR;
				CLANG_WARN_DOCUMENTATION_COMMENTS = YES;
				CLANG_WARN_EMPTY_BODY = YES;
				CLANG_WARN_ENUM_CONVERSION = YES;
				CLANG_WARN_INFINITE_RECURSION = YES;
				CLANG_WARN_INT_CONVERSION = YES;
				CLANG_WARN_NON_LITERAL_NULL_CONVERSION = YES;
				CLANG_WARN_OBJC_IMPLICIT_RETAIN_SELF = YES;
				CLANG_WARN_OBJC_LITERAL_CONVERSION = YES;
				CLANG_WARN_OBJC_ROOT_CLASS = YES_ERROR;
				CLANG_WARN_QUOTED_INCLUDE_IN_FRAMEWORK_HEADER = YES;
				CLANG_WARN_RANGE_LOOP_ANALYSIS = YES;
				CLANG_WARN_STRICT_PROTOTYPES = YES;
				CLANG_WARN_SUSPICIOUS_MOVE = YES;
				CLANG_WARN_UNGUARDED_AVAILABILITY = YES_AGGRESSIVE;
				CLANG_WARN_UNREACHABLE_CODE = YES;
				CLANG_WARN__DUPLICATE_METHOD_MATCH = YES;
				COPY_PHASE_STRIP = NO;
				DEBUG_INFORMATION_FORMAT = dwarf;
				ENABLE_STRICT_OBJC_MSGSEND = YES;
				ENABLE_TESTABILITY = YES;
				ENABLE_USER_SCRIPT_SANDBOXING = YES;
				GCC_C_LANGUAGE_STANDARD = gnu17;
				GCC_DYNAMIC_NO_PIC = NO;
				GCC_NO_COMMON_BLOCKS = YES;
				GCC_OPTIMIZATION_LEVEL = 0;
				GCC_PREPROCESSOR_DEFINITIONS = (
					"DEBUG=1",
					"$(inherited)",
				);
				GCC_WARN_64_TO_32_BIT_CONVERSION = YES;
				GCC_WARN_ABOUT_RETURN_TYPE = YES_ERROR;
				GCC_WARN_UNDECLARED_SELECTOR = YES;
				GCC_WARN_UNINITIALIZED_AUTOS = YES_AGGRESSIVE;
				GCC_WARN_UNUSED_FUNCTION = YES;
				GCC_WARN_UNUSED_VARIABLE = YES;
				IPHONEOS_DEPLOYMENT_TARGET = 16.0;
				LOCALIZATION_PREFERS_STRING_CATALOGS = YES;
				MTL_ENABLE_DEBUG_INFO = INCLUDE_SOURCE;
				MTL_FAST_MATH = YES;
				ONLY_ACTIVE_ARCH = YES;
				SDKROOT = iphoneos;
				SWIFT_ACTIVE_COMPILATION_CONDITIONS = "DEBUG $(inherited)";
				SWIFT_OPTIMIZATION_LEVEL = "-Onone";
			};
			name = Debug;
		};
		3E95E4BE2ADD6A6E00CEE333 /* Release */ = {
			isa = XCBuildConfiguration;
			buildSettings = {
				ALWAYS_SEARCH_USER_PATHS = NO;
				ASSETCATALOG_COMPILER_GENERATE_SWIFT_ASSET_SYMBOL_EXTENSIONS = YES;
				CLANG_ANALYZER_NONNULL = YES;
				CLANG_ANALYZER_NUMBER_OBJECT_CONVERSION = YES_AGGRESSIVE;
				CLANG_CXX_LANGUAGE_STANDARD = "gnu++20";
				CLANG_ENABLE_MODULES = YES;
				CLANG_ENABLE_OBJC_ARC = YES;
				CLANG_ENABLE_OBJC_WEAK = YES;
				CLANG_WARN_BLOCK_CAPTURE_AUTORELEASING = YES;
				CLANG_WARN_BOOL_CONVERSION = YES;
				CLANG_WARN_COMMA = YES;
				CLANG_WARN_CONSTANT_CONVERSION = YES;
				CLANG_WARN_DEPRECATED_OBJC_IMPLEMENTATIONS = YES;
				CLANG_WARN_DIRECT_OBJC_ISA_USAGE = YES_ERROR;
				CLANG_WARN_DOCUMENTATION_COMMENTS = YES;
				CLANG_WARN_EMPTY_BODY = YES;
				CLANG_WARN_ENUM_CONVERSION = YES;
				CLANG_WARN_INFINITE_RECURSION = YES;
				CLANG_WARN_INT_CONVERSION = YES;
				CLANG_WARN_NON_LITERAL_NULL_CONVERSION = YES;
				CLANG_WARN_OBJC_IMPLICIT_RETAIN_SELF = YES;
				CLANG_WARN_OBJC_LITERAL_CONVERSION = YES;
				CLANG_WARN_OBJC_ROOT_CLASS = YES_ERROR;
				CLANG_WARN_QUOTED_INCLUDE_IN_FRAMEWORK_HEADER = YES;
				CLANG_WARN_RANGE_LOOP_ANALYSIS = YES;
				CLANG_WARN_STRICT_PROTOTYPES = YES;
				CLANG_WARN_SUSPICIOUS_MOVE = YES;
				CLANG_WARN_UNGUARDED_AVAILABILITY = YES_AGGRESSIVE;
				CLANG_WARN_UNREACHABLE_CODE = YES;
				CLANG_WARN__DUPLICATE_METHOD_MATCH = YES;
				COPY_PHASE_STRIP = NO;
				DEBUG_INFORMATION_FORMAT = "dwarf-with-dsym";
				ENABLE_NS_ASSERTIONS = NO;
				ENABLE_STRICT_OBJC_MSGSEND = YES;
				ENABLE_USER_SCRIPT_SANDBOXING = YES;
				GCC_C_LANGUAGE_STANDARD = gnu17;
				GCC_NO_COMMON_BLOCKS = YES;
				GCC_WARN_64_TO_32_BIT_CONVERSION = YES;
				GCC_WARN_ABOUT_RETURN_TYPE = YES_ERROR;
				GCC_WARN_UNDECLARED_SELECTOR = YES;
				GCC_WARN_UNINITIALIZED_AUTOS = YES_AGGRESSIVE;
				GCC_WARN_UNUSED_FUNCTION = YES;
				GCC_WARN_UNUSED_VARIABLE = YES;
				IPHONEOS_DEPLOYMENT_TARGET = 16.0;
				LOCALIZATION_PREFERS_STRING_CATALOGS = YES;
				MTL_ENABLE_DEBUG_INFO = NO;
				MTL_FAST_MATH = YES;
				SDKROOT = iphoneos;
				SWIFT_COMPILATION_MODE = wholemodule;
				VALIDATE_PRODUCT = YES;
			};
			name = Release;
		};
		3E95E4C02ADD6A6E00CEE333 /* Debug */ = {
			isa = XCBuildConfiguration;
			buildSettings = {
				ASSETCATALOG_COMPILER_APPICON_NAME = AppIcon;
				ASSETCATALOG_COMPILER_GLOBAL_ACCENT_COLOR_NAME = AccentColor;
				CODE_SIGN_STYLE = Automatic;
				CURRENT_PROJECT_VERSION = 1;
				DEVELOPMENT_ASSET_PATHS = "\"perks/Preview Content\"";
				DEVELOPMENT_TEAM = TS4RX6E9KD;
				ENABLE_PREVIEWS = YES;
				GENERATE_INFOPLIST_FILE = YES;
				INFOPLIST_KEY_NSLocationAlwaysUsageDescription = "We need your location for XYZ reasons";
				INFOPLIST_KEY_NSLocationWhenInUseUsageDescription = "We need your location for XYZ reasons";
				INFOPLIST_KEY_UIApplicationSceneManifest_Generation = YES;
				INFOPLIST_KEY_UIApplicationSupportsIndirectInputEvents = YES;
				INFOPLIST_KEY_UILaunchScreen_Generation = YES;
				INFOPLIST_KEY_UISupportedInterfaceOrientations_iPad = "UIInterfaceOrientationPortrait UIInterfaceOrientationPortraitUpsideDown UIInterfaceOrientationLandscapeLeft UIInterfaceOrientationLandscapeRight";
				INFOPLIST_KEY_UISupportedInterfaceOrientations_iPhone = "UIInterfaceOrientationPortrait UIInterfaceOrientationLandscapeLeft UIInterfaceOrientationLandscapeRight";
				LD_RUNPATH_SEARCH_PATHS = (
					"$(inherited)",
					"@executable_path/Frameworks",
				);
				MARKETING_VERSION = 1.0;
				PRODUCT_BUNDLE_IDENTIFIER = com.ethglobal.perks;
				PRODUCT_NAME = "$(TARGET_NAME)";
				SWIFT_EMIT_LOC_STRINGS = YES;
				SWIFT_VERSION = 5.0;
				TARGETED_DEVICE_FAMILY = "1,2";
			};
			name = Debug;
		};
		3E95E4C12ADD6A6E00CEE333 /* Release */ = {
			isa = XCBuildConfiguration;
			buildSettings = {
				ASSETCATALOG_COMPILER_APPICON_NAME = AppIcon;
				ASSETCATALOG_COMPILER_GLOBAL_ACCENT_COLOR_NAME = AccentColor;
				CODE_SIGN_STYLE = Automatic;
				CURRENT_PROJECT_VERSION = 1;
				DEVELOPMENT_ASSET_PATHS = "\"perks/Preview Content\"";
				DEVELOPMENT_TEAM = TS4RX6E9KD;
				ENABLE_PREVIEWS = YES;
				GENERATE_INFOPLIST_FILE = YES;
				INFOPLIST_KEY_NSLocationAlwaysUsageDescription = "We need your location for XYZ reasons";
				INFOPLIST_KEY_NSLocationWhenInUseUsageDescription = "We need your location for XYZ reasons";
				INFOPLIST_KEY_UIApplicationSceneManifest_Generation = YES;
				INFOPLIST_KEY_UIApplicationSupportsIndirectInputEvents = YES;
				INFOPLIST_KEY_UILaunchScreen_Generation = YES;
				INFOPLIST_KEY_UISupportedInterfaceOrientations_iPad = "UIInterfaceOrientationPortrait UIInterfaceOrientationPortraitUpsideDown UIInterfaceOrientationLandscapeLeft UIInterfaceOrientationLandscapeRight";
				INFOPLIST_KEY_UISupportedInterfaceOrientations_iPhone = "UIInterfaceOrientationPortrait UIInterfaceOrientationLandscapeLeft UIInterfaceOrientationLandscapeRight";
				LD_RUNPATH_SEARCH_PATHS = (
					"$(inherited)",
					"@executable_path/Frameworks",
				);
				MARKETING_VERSION = 1.0;
				PRODUCT_BUNDLE_IDENTIFIER = com.ethglobal.perks;
				PRODUCT_NAME = "$(TARGET_NAME)";
				SWIFT_EMIT_LOC_STRINGS = YES;
				SWIFT_VERSION = 5.0;
				TARGETED_DEVICE_FAMILY = "1,2";
			};
			name = Release;
		};
/* End XCBuildConfiguration section */

/* Begin XCConfigurationList section */
		3E95E4AC2ADD6A6C00CEE333 /* Build configuration list for PBXProject "perks" */ = {
			isa = XCConfigurationList;
			buildConfigurations = (
				3E95E4BD2ADD6A6E00CEE333 /* Debug */,
				3E95E4BE2ADD6A6E00CEE333 /* Release */,
			);
			defaultConfigurationIsVisible = 0;
			defaultConfigurationName = Release;
		};
		3E95E4BF2ADD6A6E00CEE333 /* Build configuration list for PBXNativeTarget "perks" */ = {
			isa = XCConfigurationList;
			buildConfigurations = (
				3E95E4C02ADD6A6E00CEE333 /* Debug */,
				3E95E4C12ADD6A6E00CEE333 /* Release */,
			);
			defaultConfigurationIsVisible = 0;
			defaultConfigurationName = Release;
		};
/* End XCConfigurationList section */

/* Begin XCRemoteSwiftPackageReference section */
		3EEBCDCF2AE2E7CC00C462FD /* XCRemoteSwiftPackageReference "Custom-Auth-iOS-SDK" */ = {
			isa = XCRemoteSwiftPackageReference;
			repositoryURL = "https://github.com/stevysmith/Custom-Auth-iOS-SDK/";
			requirement = {
				branch = "alpha-16-hotfix";
				kind = branch;
			};
		};
		3EF770D22AE0196800D5AAC3 /* XCRemoteSwiftPackageReference "push-swift-sdk" */ = {
			isa = XCRemoteSwiftPackageReference;
			repositoryURL = "https://github.com/stevysmith/push-swift-sdk";
			requirement = {
				branch = main;
				kind = branch;
			};
		};
/* End XCRemoteSwiftPackageReference section */

/* Begin XCSwiftPackageProductDependency section */
		3EEBCDD02AE2E7CC00C462FD /* CustomAuthSdk */ = {
			isa = XCSwiftPackageProductDependency;
			package = 3EEBCDCF2AE2E7CC00C462FD /* XCRemoteSwiftPackageReference "Custom-Auth-iOS-SDK" */;
			productName = CustomAuthSdk;
		};
		3EF770D32AE0196800D5AAC3 /* Push */ = {
			isa = XCSwiftPackageProductDependency;
			package = 3EF770D22AE0196800D5AAC3 /* XCRemoteSwiftPackageReference "push-swift-sdk" */;
			productName = Push;
		};
/* End XCSwiftPackageProductDependency section */
	};
	rootObject = 3E95E4A92ADD6A6C00CEE333 /* Project object */;
}
